
Microsoft Visual Studio Solution File, Format Version 12.00
# Visual Studio 14
VisualStudioVersion = 14.0.25123.0
MinimumVisualStudioVersion = 10.0.40219.1
Project("{FAE04EC0-301F-11D3-BF4B-00C04F79EFBC}") = "WebAppService", "WebAppService\WebAppService.csproj", "{07509490-ECD7-4DA7-BD30-63D4A802E2F0}"
EndProject
Project("{FAE04EC0-301F-11D3-BF4B-00C04F79EFBC}") = "DcMotorApp", "DcMotorApp\DcMotorApp.csproj", "{46479807-3FE5-4FB9-9D31-6614DA3278C3}"
EndProject
Project("{FAE04EC0-301F-11D3-BF4B-00C04F79EFBC}") = "DcMotorUIApp", "DcMotorUIApp\DcMotorUIApp.csproj", "{D6BB73B4-815D-4303-8B83-B0D911B70E55}"
EndProject
Global
	GlobalSection(SolutionConfigurationPlatforms) = preSolution
		Debug|ARM = Debug|ARM
		Debug|x64 = Debug|x64
		Debug|x86 = Debug|x86
		Release|ARM = Release|ARM
		Release|x64 = Release|x64
		Release|x86 = Release|x86
	EndGlobalSection
	GlobalSection(ProjectConfigurationPlatforms) = postSolution
		{07509490-ECD7-4DA7-BD30-63D4A802E2F0}.Debug|ARM.ActiveCfg = Debug|ARM
		{07509490-ECD7-4DA7-BD30-63D4A802E2F0}.Debug|ARM.Build.0 = Debug|ARM
		{07509490-ECD7-4DA7-BD30-63D4A802E2F0}.Debug|ARM.Deploy.0 = Debug|ARM
		{07509490-ECD7-4DA7-BD30-63D4A802E2F0}.Debug|x64.ActiveCfg = Debug|x64
		{07509490-ECD7-4DA7-BD30-63D4A802E2F0}.Debug|x64.Build.0 = Debug|x64
		{07509490-ECD7-4DA7-BD30-63D4A802E2F0}.Debug|x64.Deploy.0 = Debug|x64
		{07509490-ECD7-4DA7-BD30-63D4A802E2F0}.Debug|x86.ActiveCfg = Debug|x86
		{07509490-ECD7-4DA7-BD30-63D4A802E2F0}.Debug|x86.Build.0 = Debug|x86
		{07509490-ECD7-4DA7-BD30-63D4A802E2F0}.Debug|x86.Deploy.0 = Debug|x86
		{07509490-ECD7-4DA7-BD30-63D4A802E2F0}.Release|ARM.ActiveCfg = Release|ARM
		{07509490-ECD7-4DA7-BD30-63D4A802E2F0}.Release|ARM.Build.0 = Release|ARM
		{07509490-ECD7-4DA7-BD30-63D4A802E2F0}.Release|ARM.Deploy.0 = Release|ARM
		{07509490-ECD7-4DA7-BD30-63D4A802E2F0}.Release|x64.ActiveCfg = Release|x64
		{07509490-ECD7-4DA7-BD30-63D4A802E2F0}.Release|x64.Build.0 = Release|x64
		{07509490-ECD7-4DA7-BD30-63D4A802E2F0}.Release|x64.Deploy.0 = Release|x64
		{07509490-ECD7-4DA7-BD30-63D4A802E2F0}.Release|x86.ActiveCfg = Release|x86
		{07509490-ECD7-4DA7-BD30-63D4A802E2F0}.Release|x86.Build.0 = Release|x86
		{07509490-ECD7-4DA7-BD30-63D4A802E2F0}.Release|x86.Deploy.0 = Release|x86
		{46479807-3FE5-4FB9-9D31-6614DA3278C3}.Debug|ARM.ActiveCfg = Debug|ARM
		{46479807-3FE5-4FB9-9D31-6614DA3278C3}.Debug|ARM.Build.0 = Debug|ARM
		{46479807-3FE5-4FB9-9D31-6614DA3278C3}.Debug|ARM.Deploy.0 = Debug|ARM
		{46479807-3FE5-4FB9-9D31-6614DA3278C3}.Debug|x64.ActiveCfg = Debug|x64
		{46479807-3FE5-4FB9-9D31-6614DA3278C3}.Debug|x64.Build.0 = Debug|x64
		{46479807-3FE5-4FB9-9D31-6614DA3278C3}.Debug|x64.Deploy.0 = Debug|x64
		{46479807-3FE5-4FB9-9D31-6614DA3278C3}.Debug|x86.ActiveCfg = Debug|x86
		{46479807-3FE5-4FB9-9D31-6614DA3278C3}.Debug|x86.Build.0 = Debug|x86
		{46479807-3FE5-4FB9-9D31-6614DA3278C3}.Debug|x86.Deploy.0 = Debug|x86
		{46479807-3FE5-4FB9-9D31-6614DA3278C3}.Release|ARM.ActiveCfg = Release|ARM
		{46479807-3FE5-4FB9-9D31-6614DA3278C3}.Release|ARM.Build.0 = Release|ARM
		{46479807-3FE5-4FB9-9D31-6614DA3278C3}.Release|ARM.Deploy.0 = Release|ARM
		{46479807-3FE5-4FB9-9D31-6614DA3278C3}.Release|x64.ActiveCfg = Release|x64
		{46479807-3FE5-4FB9-9D31-6614DA3278C3}.Release|x64.Build.0 = Release|x64
		{46479807-3FE5-4FB9-9D31-6614DA3278C3}.Release|x64.Deploy.0 = Release|x64
		{46479807-3FE5-4FB9-9D31-6614DA3278C3}.Release|x86.ActiveCfg = Release|x86
		{46479807-3FE5-4FB9-9D31-6614DA3278C3}.Release|x86.Build.0 = Release|x86
		{46479807-3FE5-4FB9-9D31-6614DA3278C3}.Release|x86.Deploy.0 = Release|x86
		{D6BB73B4-815D-4303-8B83-B0D911B70E55}.Debug|ARM.ActiveCfg = Debug|ARM
		{D6BB73B4-815D-4303-8B83-B0D911B70E55}.Debug|ARM.Build.0 = Debug|ARM
		{D6BB73B4-815D-4303-8B83-B0D911B70E55}.Debug|ARM.Deploy.0 = Debug|ARM
		{D6BB73B4-815D-4303-8B83-B0D911B70E55}.Debug|x64.ActiveCfg = Debug|x64
		{D6BB73B4-815D-4303-8B83-B0D911B70E55}.Debug|x64.Build.0 = Debug|x64
		{D6BB73B4-815D-4303-8B83-B0D911B70E55}.Debug|x64.Deploy.0 = Debug|x64
		{D6BB73B4-815D-4303-8B83-B0D911B70E55}.Debug|x86.ActiveCfg = Debug|x86
		{D6BB73B4-815D-4303-8B83-B0D911B70E55}.Debug|x86.Build.0 = Debug|x86
		{D6BB73B4-815D-4303-8B83-B0D911B70E55}.Debug|x86.Deploy.0 = Debug|x86
		{D6BB73B4-815D-4303-8B83-B0D911B70E55}.Release|ARM.ActiveCfg = Release|ARM
		{D6BB73B4-815D-4303-8B83-B0D911B70E55}.Release|ARM.Build.0 = Release|ARM
		{D6BB73B4-815D-4303-8B83-B0D911B70E55}.Release|ARM.Deploy.0 = Release|ARM
		{D6BB73B4-815D-4303-8B83-B0D911B70E55}.Release|x64.ActiveCfg = Release|x64
		{D6BB73B4-815D-4303-8B83-B0D911B70E55}.Release|x64.Build.0 = Release|x64
		{D6BB73B4-815D-4303-8B83-B0D911B70E55}.Release|x64.Deploy.0 = Release|x64
		{D6BB73B4-815D-4303-8B83-B0D911B70E55}.Release|x86.ActiveCfg = Release|x86
		{D6BB73B4-815D-4303-8B83-B0D911B70E55}.Release|x86.Build.0 = Release|x86
		{D6BB73B4-815D-4303-8B83-B0D911B70E55}.Release|x86.Deploy.0 = Release|x86
	EndGlobalSection
	GlobalSection(SolutionProperties) = preSolution
		HideSolutionNode = FALSE
	EndGlobalSection
EndGlobal
